{
  "originHash" : "919629ebcd992b3cb62438d8b2e97a26a084a924409b49256a318d48030e0ac5",
  "pins" : [
    {
      "identity" : "intelligenceglow",
      "kind" : "remoteSourceControl",
      "location" : "https://github.com/Livsy90/IntelligenceGlow.git",
      "state" : {
        "revision" : "f7930bfc4f46012f9263082180b80aa0c6eeda51",
        "version" : "1.0.0"
      }
    },
    {
      "identity" : "marqueelabel",
      "kind" : "remoteSourceControl",
      "location" : "https://github.com/cbpowell/MarqueeLabel.git",
      "state" : {
        "revision" : "c6b4da400c00dfd5db7a4f6e4915ca531d95fc49",
        "version" : "4.5.3"
      }
    },
    {
      "identity" : "storyblok-swift",
      "kind" : "remoteSourceControl",
      "location" : "https://github.com/storyblok/storyblok-swift.git",
      "state" : {
        "revision" : "083c91d5d9851e7cbaaab0b63c7b4170413de9ef",
        "version" : "0.3.0"
      }
    },
    {
      "identity" : "svgview",
      "kind" : "remoteSourceControl",
      "location" : "https://github.com/exyte/SVGView.git",
      "state" : {
        "revision" : "6465962facdd25cb96eaebc35603afa2f15d2c0d",
        "version" : "1.0.6"
      }
    },
    {
      "identity" : "swift-log",
      "kind" : "remoteSourceControl",
      "location" : "https://github.com/apple/swift-log",
      "state" : {
        "revision" : "3ffafb9722d5d918c614feb496c8789a3b59d222",
        "version" : "1.15.0"
      }
    },
    {
      "identity" : "swift-syntax",
      "kind" : "remoteSourceControl",
      "location" : "https://github.com/swiftlang/swift-syntax.git",
      "state" : {
        "revision" : "4799286537280063c85a32f09884cfbca301b1a1",
        "version" : "602.0.0"
      }
    },
    {
      "identity" : "swiftsdk",
      "kind" : "remoteSourceControl",
      "location" : "https://github.com/TelemetryDeck/SwiftSDK.git",
      "state" : {
        "revision" : "58f436299d3f6710bcedc18aff26480aaf1879fc",
        "version" : "2.14.2"
      }
    }
  ],
  "version" : 3
}
